
Microsoft Visual Studio Solution File, Format Version 12.00
# Visual Studio 15
VisualStudioVersion = 15.0.27004.2008
MinimumVisualStudioVersion = 10.0.40219.1
Project("{9A19103F-16F7-4668-BE54-9A1E7A4F7556}") = "HumanNameParser", "HumanNameParser\HumanNameParser.csproj", "{A82EE7B7-9EAF-44C1-ADA4-D39AE7442E3F}"
EndProject
Project("{FAE04EC0-301F-11D3-BF4B-00C04F79EFBC}") = "HumanNameParser.Tests", "HumanNameParser.Tests\HumanNameParser.Tests.csproj", "{FC768726-D3B5-4F3E-BB30-5BE4158B91C5}"
EndProject
Project("{2150E333-8FDC-42A3-9474-1A3956D46DE8}") = "Solution Items", "Solution Items", "{2B2C5EC8-A9B0-4CF6-B458-82E82BB01BF8}"
	ProjectSection(SolutionItems) = preProject
		LICENSE = LICENSE
	EndProjectSection
EndProject
Global
	GlobalSection(SolutionConfigurationPlatforms) = preSolution
		Debug|Any CPU = Debug|Any CPU
		Release|Any CPU = Release|Any CPU
	EndGlobalSection
	GlobalSection(ProjectConfigurationPlatforms) = postSolution
		{A82EE7B7-9EAF-44C1-ADA4-D39AE7442E3F}.Debug|Any CPU.ActiveCfg = Debug|Any CPU
		{A82EE7B7-9EAF-44C1-ADA4-D39AE7442E3F}.Debug|Any CPU.Build.0 = Debug|Any CPU
		{A82EE7B7-9EAF-44C1-ADA4-D39AE7442E3F}.Release|Any CPU.ActiveCfg = Release|Any CPU
		{A82EE7B7-9EAF-44C1-ADA4-D39AE7442E3F}.Release|Any CPU.Build.0 = Release|Any CPU
		{FC768726-D3B5-4F3E-BB30-5BE4158B91C5}.Debug|Any CPU.ActiveCfg = Debug|Any CPU
		{FC768726-D3B5-4F3E-BB30-5BE4158B91C5}.Debug|Any CPU.Build.0 = Debug|Any CPU
		{FC768726-D3B5-4F3E-BB30-5BE4158B91C5}.Release|Any CPU.ActiveCfg = Release|Any CPU
		{FC768726-D3B5-4F3E-BB30-5BE4158B91C5}.Release|Any CPU.Build.0 = Release|Any CPU
	EndGlobalSection
	GlobalSection(SolutionProperties) = preSolution
		HideSolutionNode = FALSE
	EndGlobalSection
	GlobalSection(ExtensibilityGlobals) = postSolution
		SolutionGuid = {36B321E8-56B9-42AE-BAF8-A8A2A2ED6E34}
	EndGlobalSection
EndGlobal
